{
  "name": "@talqing/clients",
  "lockfileVersion": 3,
  "requires": true,
  "packages": {
    "": {
      "name": "@talqing/clients",
      "workspaces": [
        "packages/*"
      ],
      "devDependencies": {
        "typescript": "~5.9.3"
      },
      "engines": {
        "node": ">=20"
      }
    },
    "node_modules/@bufbuild/protobuf": {
      "version": "1.10.1",
      "resolved": "https://registry.npmjs.org/@bufbuild/protobuf/-/protobuf-1.10.1.tgz",
      "integrity": "sha512-wJ8ReQbHxsAfXhrf9ixl0aYbZorRuOWpBNzm8pL8ftmSxQx/wnJD5Eg861NwJU/czy2VXFIebCeZnZrI9rktIQ==",
      "dev": true,
      "license": "(Apache-2.0 AND BSD-3-Clause)"
    },
    "node_modules/@floating-ui/core": {
      "version": "1.8.0",
      "resolved": "https://registry.npmjs.org/@floating-ui/core/-/core-1.8.0.tgz",
      "integrity": "sha512-0CIZ5itps/8x7BG8dEIhs53BvCUH2PCoogtakwRTut+Arm58sJooJ0AuZhLw2HJYIR5cMLNPBSS728sPho2khQ==",
      "dev": true,
      "license": "MIT",
      "dependencies": {
        "@floating-ui/utils": "^0.2.12"
      }
    },
    "node_modules/@floating-ui/dom": {
      "version": "1.7.6",
      "resolved": "https://registry.npmjs.org/@floating-ui/dom/-/dom-1.7.6.tgz",
      "integrity": "sha512-9gZSAI5XM36880PPMm//9dfiEngYoC6Am2izES1FF406YFsjvyBMmeJ2g4SAju3xWwtuynNRFL2s9hgxpLI5SQ==",
      "dev": true,
      "license": "MIT",
      "dependencies": {
        "@floating-ui/core": "^1.7.5",
        "@floating-ui/utils": "^0.2.11"
      }
    },
    "node_modules/@floating-ui/utils": {
      "version": "0.2.12",
      "resolved": "https://registry.npmjs.org/@floating-ui/utils/-/utils-0.2.12.tgz",
      "integrity": "sha512-HpCo8tmWzLVad5s2d19EhAz5zqrrQ6s69qd6moPMQvkOuSwDT1YgRfWSVuc4ennqrgv3OHppiOGMQ7oC13yIww==",
      "dev": true,
      "license": "MIT"
    },
    "node_modules/@hey-api/codegen-core": {
      "version": "0.9.1",
      "resolved": "https://registry.npmjs.org/@hey-api/codegen-core/-/codegen-core-0.9.1.tgz",
      "integrity": "sha512-s97jL1dgTMuiMHv2BZ1X4Tgd99Mf9GOvGdNqNcGwIMmnR+PgYNoraj4Zvp134MKsNCap/m7k0r0vKKnl56pj4w==",
      "dev": true,
      "license": "MIT",
      "dependencies": {
        "@hey-api/types": "0.1.4",
        "ansi-colors": "4.1.3",
        "c12": "3.3.4",
        "color-support": "1.1.3"
      },
      "engines": {
        "node": ">=22.18.0"
      },
      "funding": {
        "url": "https://github.com/sponsors/hey-api"
      }
    },
    "node_modules/@hey-api/json-schema-ref-parser": {
      "version": "1.4.4",
      "resolved": "https://registry.npmjs.org/@hey-api/json-schema-ref-parser/-/json-schema-ref-parser-1.4.4.tgz",
      "integrity": "sha512-otmd+zCxbYVBIp/mlMTnGkvlNYLkVKgs3VOIq0kSnenhB1+fRwLPQIeSwyWM6E51oXhUedkYjVsVpkVexeuJOA==",
      "dev": true,
      "license": "MIT",
      "dependencies": {
        "@jsdevtools/ono": "7.1.3",
        "@types/json-schema": "7.0.15",
        "js-yaml": "4.2.0"
      },
      "engines": {
        "node": ">=22.18.0"
      },
      "funding": {
        "url": "https://github.com/sponsors/hey-api"
      }
    },
    "node_modules/@hey-api/openapi-ts": {
      "version": "0.99.0",
      "resolved": "https://registry.npmjs.org/@hey-api/openapi-ts/-/openapi-ts-0.99.0.tgz",
      "integrity": "sha512-SePU/5oEWWkvUBYmvzdYRctseoLuskyhs4ET0RvLIcmzc8yLQoA2R+KtBIQ8bPsoSUB0m4E5SmBnl6aGSA0szQ==",
      "dev": true,
      "license": "MIT",
      "dependencies": {
        "@hey-api/codegen-core": "0.9.1",
        "@hey-api/json-schema-ref-parser": "1.4.4",
        "@hey-api/shared": "0.5.0",
        "@hey-api/spec-types": "0.2.0",
        "@hey-api/types": "0.1.4",
        "@lukeed/ms": "2.0.2",
        "ansi-colors": "4.1.3",
        "color-support": "1.1.3",
        "commander": "15.0.0",
        "get-tsconfig": "4.14.0"
      },
      "bin": {
        "openapi-ts": "bin/run.js"
      },
      "engines": {
        "node": ">=22.18.0"
      },
      "funding": {
        "url": "https://github.com/sponsors/hey-api"
      },
      "peerDependencies": {
        "typescript": ">=5.5.3 || >=6.0.0 || 6.0.1-rc"
      }
    },
    "node_modules/@hey-api/shared": {
      "version": "0.5.0",
      "resolved": "https://registry.npmjs.org/@hey-api/shared/-/shared-0.5.0.tgz",
      "integrity": "sha512-JN/j4Ebh4cJGYIQ5cwWuqe7GeSUyQoz7oC51WqyhKOcrejK6DKZMDkshc5d1eKTRuRL+rjozuRcoUaZZn2DGPw==",
      "dev": true,
      "license": "MIT",
      "dependencies": {
        "@hey-api/codegen-core": "0.9.1",
        "@hey-api/json-schema-ref-parser": "1.4.4",
        "@hey-api/spec-types": "0.2.0",
        "@hey-api/types": "0.1.4",
        "ansi-colors": "4.1.3",
        "cross-spawn": "7.0.6",
        "open": "11.0.0",
        "semver": "7.8.4"
      },
      "engines": {
        "node": ">=22.18.0"
      },
      "funding": {
        "url": "https://github.com/sponsors/hey-api"
      }
    },
    "node_modules/@hey-api/spec-types": {
      "version": "0.2.0",
      "resolved": "https://registry.npmjs.org/@hey-api/spec-types/-/spec-types-0.2.0.tgz",
      "integrity": "sha512-ibQ8Is7evMavzr8GNyJCcTg975d8DpaMUyLmOrQ85UBdy1l6t1KuRAwgChAbesJsIlNV6gjmlXruWyegDX18Fg==",
      "dev": true,
      "license": "MIT",
      "dependencies": {
        "@hey-api/types": "0.1.4"
      },
      "funding": {
        "url": "https://github.com/sponsors/hey-api"
      }
    },
    "node_modules/@hey-api/types": {
      "version": "0.1.4",
      "resolved": "https://registry.npmjs.org/@hey-api/types/-/types-0.1.4.tgz",
      "integrity": "sha512-thWfawrDIP7wSI9ioT13I5soaaqB5vAPIiZmgD8PbeEVKNrkonc0N/Sjj97ezl7oQgusZmaNphGdMKipPO6IBg==",
      "dev": true,
      "license": "MIT"
    },
    "node_modules/@jsdevtools/ono": {
      "version": "7.1.3",
      "resolved": "https://registry.npmjs.org/@jsdevtools/ono/-/ono-7.1.3.tgz",
      "integrity": "sha512-4JQNk+3mVzK3xh2rqd6RB4J46qUR19azEHBneZyTZM+c456qOrbbM/5xcR8huNCCcbVt7+UmizG6GuUvPvKUYg==",
      "dev": true,
      "license": "MIT"
    },
    "node_modules/@livekit/components-core": {
      "version": "0.12.15",
      "resolved": "https://registry.npmjs.org/@livekit/components-core/-/components-core-0.12.15.tgz",
      "integrity": "sha512-bDkK+jkPMgyT4a5lZmdcuc/hZ8fZUrXW+qQPNHVeSpXCBMzk5q9QWzx+HPtTsPJ8hnncWGfoT81RnXHBsy+Z8g==",
      "dev": true,
      "license": "Apache-2.0",
      "dependencies": {
        "@floating-ui/dom": "1.7.6",
        "loglevel": "1.9.1",
        "rxjs": "7.8.2"
      },
      "engines": {
        "node": ">=18"
      },
      "peerDependencies": {
        "livekit-client": "^2.20.1",
        "tslib": "^2.6.2"
      }
    },
    "node_modules/@livekit/components-react": {
      "version": "2.9.24",
      "resolved": "https://registry.npmjs.org/@livekit/components-react/-/components-react-2.9.24.tgz",
      "integrity": "sha512-qw5Oy1EfPg1f/xrKYrFielSrmtxY8BZ9mDt6299G5aikotQIztmldBfTNosrVS7VSNit7qeYfOFSyKaML20W6Q==",
      "dev": true,
      "license": "Apache-2.0",
      "dependencies": {
        "@livekit/components-core": "0.12.15",
        "clsx": "2.1.1",
        "events": "^3.3.0",
        "jose": "^6.0.12",
        "usehooks-ts": "3.1.1"
      },
      "engines": {
        "node": ">=18"
      },
      "peerDependencies": {
        "@livekit/krisp-noise-filter": "^0.2.12 || ^0.3.0 || ^0.4.0",
        "livekit-client": "^2.20.1",
        "react": ">=18",
        "react-dom": ">=18",
        "tslib": "^2.6.2"
      },
      "peerDependenciesMeta": {
        "@livekit/krisp-noise-filter": {
          "optional": true
        }
      }
    },
    "node_modules/@livekit/mutex": {
      "version": "1.1.1",
      "resolved": "https://registry.npmjs.org/@livekit/mutex/-/mutex-1.1.1.tgz",
      "integrity": "sha512-EsshAucklmpuUAfkABPxJNhzj9v2sG7JuzFDL4ML1oJQSV14sqrpTYnsaOudMAw9yOaW53NU3QQTlUQoRs4czw==",
      "dev": true,
      "license": "Apache-2.0"
    },
    "node_modules/@livekit/protocol": {
      "version": "1.50.4",
      "resolved": "https://registry.npmjs.org/@livekit/protocol/-/protocol-1.50.4.tgz",
      "integrity": "sha512-L1uggNQAqyY21smQY8AllyOYbcv9Me9TaxwuLytL1R8ck9nbYPmQLNwEDi3pOFGAMa5F8I2nUi2Jc59W5awxlA==",
      "dev": true,
      "license": "Apache-2.0",
      "dependencies": {
        "@bufbuild/protobuf": "^1.10.0"
      }
    },
    "node_modules/@lukeed/ms": {
      "version": "2.0.2",
      "resolved": "https://registry.npmjs.org/@lukeed/ms/-/ms-2.0.2.tgz",
      "integrity": "sha512-9I2Zn6+NJLfaGoz9jN3lpwDgAYvfGeNYdbAIjJOqzs4Tpc+VU3Jqq4IofSUBKajiDS8k9fZIg18/z13mpk1bsA==",
      "dev": true,
      "license": "MIT",
      "engines": {
        "node": ">=8"
      }
    },
    "node_modules/@talqing/client": {
      "resolved": "packages/client",
      "link": true
    },
    "node_modules/@talqing/react": {
      "resolved": "packages/react",
      "link": true
    },
    "node_modules/@talqing/sdk": {
      "resolved": "packages/sdk",
      "link": true
    },
    "node_modules/@types/dom-mediacapture-record": {
      "version": "1.0.22",
      "resolved": "https://registry.npmjs.org/@types/dom-mediacapture-record/-/dom-mediacapture-record-1.0.22.tgz",
      "integrity": "sha512-mUMZLK3NvwRLcAAT9qmcK+9p7tpU2FHdDsntR3YI4+GY88XrgG4XiE7u1Q2LAN2/FZOz/tdMDC3GQCR4T8nFuw==",
      "dev": true,
      "license": "MIT",
      "peer": true
    },
    "node_modules/@types/json-schema": {
      "version": "7.0.15",
      "resolved": "https://registry.npmjs.org/@types/json-schema/-/json-schema-7.0.15.tgz",
      "integrity": "sha512-5+fP8P8MFNC+AyZCDxrB2pkZFPGzqQWUzpSeuuVLvm8VMcorNYavBqoFcxK8bQz4Qsbn4oUEEem4wDLfcysGHA==",
      "dev": true,
      "license": "MIT"
    },
    "node_modules/@types/react": {
      "version": "19.2.18",
      "resolved": "https://registry.npmjs.org/@types/react/-/react-19.2.18.tgz",
      "integrity": "sha512-AnzbBERsrLKtk2XSfTbYRLjQPdy116Sty4q+T+Bp3IC4l6jNBvreVPAHmpq9qhXQM7CXZPjLVmGMw9sy+hxQ3w==",
      "dev": true,
      "license": "MIT",
      "dependencies": {
        "csstype": "^3.2.2"
      }
    },
    "node_modules/ansi-colors": {
      "version": "4.1.3",
      "resolved": "https://registry.npmjs.org/ansi-colors/-/ansi-colors-4.1.3.tgz",
      "integrity": "sha512-/6w/C21Pm1A7aZitlI5Ni/2J6FFQN8i1Cvz3kHABAAbw93v/NlvKdVOqz7CCWz/3iv/JplRSEEZ83XION15ovw==",
      "dev": true,
      "license": "MIT",
      "engines": {
        "node": ">=6"
      }
    },
    "node_modules/argparse": {
      "version": "2.0.1",
      "resolved": "https://registry.npmjs.org/argparse/-/argparse-2.0.1.tgz",
      "integrity": "sha512-8+9WqebbFzpX9OR+Wa6O29asIogeRMzcGtAINdpMHHyAg10f05aSFVBbcEqGf/PXw1EjAZ+q2/bEBg3DvurK3Q==",
      "dev": true,
      "license": "Python-2.0"
    },
    "node_modules/bundle-name": {
      "version": "4.1.0",
      "resolved": "https://registry.npmjs.org/bundle-name/-/bundle-name-4.1.0.tgz",
      "integrity": "sha512-tjwM5exMg6BGRI+kNmTntNsvdZS1X8BFYS6tnJ2hdH0kVxM6/eVZ2xy+FqStSWvYmtfFMDLIxurorHwDKfDz5Q==",
      "dev": true,
      "license": "MIT",
      "dependencies": {
        "run-applescript": "^7.0.0"
      },
      "engines": {
        "node": ">=18"
      },
      "funding": {
        "url": "https://github.com/sponsors/sindresorhus"
      }
    },
    "node_modules/c12": {
      "version": "3.3.4",
      "resolved": "https://registry.npmjs.org/c12/-/c12-3.3.4.tgz",
      "integrity": "sha512-cM0ApFQSBXuourJejzwv/AuPRvAxordTyParRVcHjjtXirtkzM0uK2L9TTn9s0cXZbG7E55jCivRQzoxYmRAlA==",
      "dev": true,
      "license": "MIT",
      "dependencies": {
        "chokidar": "^5.0.0",
        "confbox": "^0.2.4",
        "defu": "^6.1.6",
        "dotenv": "^17.3.1",
        "exsolve": "^1.0.8",
        "giget": "^3.2.0",
        "jiti": "^2.6.1",
        "ohash": "^2.0.11",
        "pathe": "^2.0.3",
        "perfect-debounce": "^2.1.0",
        "pkg-types": "^2.3.0",
        "rc9": "^3.0.1"
      },
      "peerDependencies": {
        "magicast": "*"
      },
      "peerDependenciesMeta": {
        "magicast": {
          "optional": true
        }
      }
    },
    "node_modules/chokidar": {
      "version": "5.0.0",
      "resolved": "https://registry.npmjs.org/chokidar/-/chokidar-5.0.0.tgz",
      "integrity": "sha512-TQMmc3w+5AxjpL8iIiwebF73dRDF4fBIieAqGn9RGCWaEVwQ6Fb2cGe31Yns0RRIzii5goJ1Y7xbMwo1TxMplw==",
      "dev": true,
      "license": "MIT",
      "dependencies": {
        "readdirp": "^5.0.0"
      },
      "engines": {
        "node": ">= 20.19.0"
      },
      "funding": {
        "url": "https://paulmillr.com/funding/"
      }
    },
    "node_modules/clsx": {
      "version": "2.1.1",
      "resolved": "https://registry.npmjs.org/clsx/-/clsx-2.1.1.tgz",
      "integrity": "sha512-eYm0QWBtUrBWZWG0d386OGAw16Z995PiOVo2B7bjWSbHedGl5e0ZWaq65kOGgUSNesEIDkB9ISbTg/JK9dhCZA==",
      "dev": true,
      "license": "MIT",
      "engines": {
        "node": ">=6"
      }
    },
    "node_modules/color-support": {
      "version": "1.1.3",
      "resolved": "https://registry.npmjs.org/color-support/-/color-support-1.1.3.tgz",
      "integrity": "sha512-qiBjkpbMLO/HL68y+lh4q0/O1MZFj2RX6X/KmMa3+gJD3z+WwI1ZzDHysvqHGS3mP6mznPckpXmw1nI9cJjyRg==",
      "dev": true,
      "license": "ISC",
      "bin": {
        "color-support": "bin.js"
      }
    },
    "node_modules/commander": {
      "version": "15.0.0",
      "resolved": "https://registry.npmjs.org/commander/-/commander-15.0.0.tgz",
      "integrity": "sha512-z67u4ZhzCL/Tydu1lJARtEZYWbWaN7oYLHbsuzocr6y4N6WZAagG3RQ4FW61V1/0+jImpj293XfrcYnd1qxtPg==",
      "dev": true,
      "license": "MIT",
      "engines": {
        "node": ">=22.12.0"
      }
    },
    "node_modules/confbox": {
      "version": "0.2.4",
      "resolved": "https://registry.npmjs.org/confbox/-/confbox-0.2.4.tgz",
      "integrity": "sha512-ysOGlgTFbN2/Y6Cg3Iye8YKulHw+R2fNXHrgSmXISQdMnomY6eNDprVdW9R5xBguEqI954+S6709UyiO7B+6OQ==",
      "dev": true,
      "license": "MIT"
    },
    "node_modules/cross-spawn": {
      "version": "7.0.6",
      "resolved": "https://registry.npmjs.org/cross-spawn/-/cross-spawn-7.0.6.tgz",
      "integrity": "sha512-uV2QOWP2nWzsy2aMp8aRibhi9dlzF5Hgh5SHaB9OiTGEyDTiJJyx0uy51QXdyWbtAHNua4XJzUKca3OzKUd3vA==",
      "dev": true,
      "license": "MIT",
      "dependencies": {
        "path-key": "^3.1.0",
        "shebang-command": "^2.0.0",
        "which": "^2.0.1"
      },
      "engines": {
        "node": ">= 8"
      }
    },
    "node_modules/csstype": {
      "version": "3.2.3",
      "resolved": "https://registry.npmjs.org/csstype/-/csstype-3.2.3.tgz",
      "integrity": "sha512-z1HGKcYy2xA8AGQfwrn0PAy+PB7X/GSj3UVJW9qKyn43xWa+gl5nXmU4qqLMRzWVLFC8KusUX8T/0kCiOYpAIQ==",
      "dev": true,
      "license": "MIT"
    },
    "node_modules/default-browser": {
      "version": "5.5.1",
      "resolved": "https://registry.npmjs.org/default-browser/-/default-browser-5.5.1.tgz",
      "integrity": "sha512-m1pAzaJgZ/gssEqlOhJkPJp8Xly7QyW6xcrkUa2KKcDeDSEMP7X8xipU3snUcfisTQx0w1AGae+9UtJSfVnXGw==",
      "dev": true,
      "license": "MIT",
      "dependencies": {
        "bundle-name": "^4.1.0",
        "default-browser-id": "^5.0.0"
      },
      "engines": {
        "node": ">=18"
      },
      "funding": {
        "url": "https://github.com/sponsors/sindresorhus"
      }
    },
    "node_modules/default-browser-id": {
      "version": "5.0.1",
      "resolved": "https://registry.npmjs.org/default-browser-id/-/default-browser-id-5.0.1.tgz",
      "integrity": "sha512-x1VCxdX4t+8wVfd1so/9w+vQ4vx7lKd2Qp5tDRutErwmR85OgmfX7RlLRMWafRMY7hbEiXIbudNrjOAPa/hL8Q==",
      "dev": true,
      "license": "MIT",
      "engines": {
        "node": ">=18"
      },
      "funding": {
        "url": "https://github.com/sponsors/sindresorhus"
      }
    },
    "node_modules/define-lazy-prop": {
      "version": "3.0.0",
      "resolved": "https://registry.npmjs.org/define-lazy-prop/-/define-lazy-prop-3.0.0.tgz",
      "integrity": "sha512-N+MeXYoqr3pOgn8xfyRPREN7gHakLYjhsHhWGT3fWAiL4IkAt0iDw14QiiEm2bE30c5XX5q0FtAA3CK5f9/BUg==",
      "dev": true,
      "license": "MIT",
      "engines": {
        "node": ">=12"
      },
      "funding": {
        "url": "https://github.com/sponsors/sindresorhus"
      }
    },
    "node_modules/defu": {
      "version": "6.1.7",
      "resolved": "https://registry.npmjs.org/defu/-/defu-6.1.7.tgz",
      "integrity": "sha512-7z22QmUWiQ/2d0KkdYmANbRUVABpZ9SNYyH5vx6PZ+nE5bcC0l7uFvEfHlyld/HcGBFTL536ClDt3DEcSlEJAQ==",
      "dev": true,
      "license": "MIT"
    },
    "node_modules/destr": {
      "version": "2.0.5",
      "resolved": "https://registry.npmjs.org/destr/-/destr-2.0.5.tgz",
      "integrity": "sha512-ugFTXCtDZunbzasqBxrK93Ik/DRYsO6S/fedkWEMKqt04xZ4csmnmwGDBAb07QWNaGMAmnTIemsYZCksjATwsA==",
      "dev": true,
      "license": "MIT"
    },
    "node_modules/dotenv": {
      "version": "17.4.2",
      "resolved": "https://registry.npmjs.org/dotenv/-/dotenv-17.4.2.tgz",
      "integrity": "sha512-nI4U3TottKAcAD9LLud4Cb7b2QztQMUEfHbvhTH09bqXTxnSie8WnjPALV/WMCrJZ6UV/qHJ6L03OqO3LcdYZw==",
      "dev": true,
      "license": "BSD-2-Clause",
      "engines": {
        "node": ">=12"
      },
      "funding": {
        "url": "https://dotenvx.com"
      }
    },
    "node_modules/events": {
      "version": "3.3.0",
      "resolved": "https://registry.npmjs.org/events/-/events-3.3.0.tgz",
      "integrity": "sha512-mQw+2fkQbALzQ7V0MY0IqdnXNOeTtP4r0lN9z7AAawCXgqea7bDii20AYrIBrFd/Hx0M2Ocz6S111CaFkUcb0Q==",
      "dev": true,
      "license": "MIT",
      "engines": {
        "node": ">=0.8.x"
      }
    },
    "node_modules/exsolve": {
      "version": "1.1.1",
      "resolved": "https://registry.npmjs.org/exsolve/-/exsolve-1.1.1.tgz",
      "integrity": "sha512-9U/jZUgjnSGyntRr6y5Muu1MJcwFl6kPu7k8qLF0IMNfLqvw0NZ4nnVDq0RVoZ0RvCyumib4Ez3KYrVfilrw+g==",
      "dev": true,
      "license": "MIT"
    },
    "node_modules/get-tsconfig": {
      "version": "4.14.0",
      "resolved": "https://registry.npmjs.org/get-tsconfig/-/get-tsconfig-4.14.0.tgz",
      "integrity": "sha512-yTb+8DXzDREzgvYmh6s9vHsSVCHeC0G3PI5bEXNBHtmshPnO+S5O7qgLEOn0I5QvMy6kpZN8K1NKGyilLb93wA==",
      "dev": true,
      "license": "MIT",
      "dependencies": {
        "resolve-pkg-maps": "^1.0.0"
      },
      "funding": {
        "url": "https://github.com/privatenumber/get-tsconfig?sponsor=1"
      }
    },
    "node_modules/giget": {
      "version": "3.3.1",
      "resolved": "https://registry.npmjs.org/giget/-/giget-3.3.1.tgz",
      "integrity": "sha512-r+mvuDjrjMpsdw46Kmeydb8bdHm7wOKw8wNBtTndkjbPjgAp5oUJUxRE76wZFknxIPokfWvep2qSXK37aXE6zg==",
      "dev": true,
      "license": "MIT",
      "bin": {
        "giget": "dist/cli.mjs"
      }
    },
    "node_modules/is-docker": {
      "version": "3.0.0",
      "resolved": "https://registry.npmjs.org/is-docker/-/is-docker-3.0.0.tgz",
      "integrity": "sha512-eljcgEDlEns/7AXFosB5K/2nCM4P7FQPkGc/DWLy5rmFEWvZayGrik1d9/QIY5nJ4f9YsVvBkA6kJpHn9rISdQ==",
      "dev": true,
      "license": "MIT",
      "bin": {
        "is-docker": "cli.js"
      },
      "engines": {
        "node": "^12.20.0 || ^14.13.1 || >=16.0.0"
      },
      "funding": {
        "url": "https://github.com/sponsors/sindresorhus"
      }
    },
    "node_modules/is-in-ssh": {
      "version": "1.0.0",
      "resolved": "https://registry.npmjs.org/is-in-ssh/-/is-in-ssh-1.0.0.tgz",
      "integrity": "sha512-jYa6Q9rH90kR1vKB6NM7qqd1mge3Fx4Dhw5TVlK1MUBqhEOuCagrEHMevNuCcbECmXZ0ThXkRm+Ymr51HwEPAw==",
      "dev": true,
      "license": "MIT",
      "engines": {
        "node": ">=20"
      },
      "funding": {
        "url": "https://github.com/sponsors/sindresorhus"
      }
    },
    "node_modules/is-inside-container": {
      "version": "1.0.0",
      "resolved": "https://registry.npmjs.org/is-inside-container/-/is-inside-container-1.0.0.tgz",
      "integrity": "sha512-KIYLCCJghfHZxqjYBE7rEy0OBuTd5xCHS7tHVgvCLkx7StIoaxwNW3hCALgEUjFfeRk+MG/Qxmp/vtETEF3tRA==",
      "dev": true,
      "license": "MIT",
      "dependencies": {
        "is-docker": "^3.0.0"
      },
      "bin": {
        "is-inside-container": "cli.js"
      },
      "engines": {
        "node": ">=14.16"
      },
      "funding": {
        "url": "https://github.com/sponsors/sindresorhus"
      }
    },
    "node_modules/is-wsl": {
      "version": "3.1.1",
      "resolved": "https://registry.npmjs.org/is-wsl/-/is-wsl-3.1.1.tgz",
      "integrity": "sha512-e6rvdUCiQCAuumZslxRJWR/Doq4VpPR82kqclvcS0efgt430SlGIk05vdCN58+VrzgtIcfNODjozVielycD4Sw==",
      "dev": true,
      "license": "MIT",
      "dependencies": {
        "is-inside-container": "^1.0.0"
      },
      "engines": {
        "node": ">=16"
      },
      "funding": {
        "url": "https://github.com/sponsors/sindresorhus"
      }
    },
    "node_modules/isexe": {
      "version": "2.0.0",
      "resolved": "https://registry.npmjs.org/isexe/-/isexe-2.0.0.tgz",
      "integrity": "sha512-RHxMLp9lnKHGHRng9QFhRCMbYAcVpn69smSGcq3f36xjgVVWThj4qqLbTLlq7Ssj8B+fIQ1EuCEGI2lKsyQeIw==",
      "dev": true,
      "license": "ISC"
    },
    "node_modules/jiti": {
      "version": "2.7.0",
      "resolved": "https://registry.npmjs.org/jiti/-/jiti-2.7.0.tgz",
      "integrity": "sha512-AC/7JofJvZGrrneWNaEnJeOLUx+JlGt7tNa0wZiRPT4MY1wmfKjt2+6O2p2uz2+skll8OZZmJMNqeke7kKbNgQ==",
      "dev": true,
      "license": "MIT",
      "bin": {
        "jiti": "lib/jiti-cli.mjs"
      }
    },
    "node_modules/jose": {
      "version": "6.2.10",
      "resolved": "https://registry.npmjs.org/jose/-/jose-6.2.10.tgz",
      "integrity": "sha512-iiW7J9qRFlGxvCOIBDBDxFePQSn7ZMAnrYGhrrOo6siO/MIqwfyilLR27pkfDgUk+raLuzADS8A3S/KLBisc0g==",
      "dev": true,
      "license": "MIT",
      "funding": {
        "url": "https://github.com/sponsors/panva"
      }
    },
    "node_modules/js-yaml": {
      "version": "4.2.0",
      "resolved": "https://registry.npmjs.org/js-yaml/-/js-yaml-4.2.0.tgz",
      "integrity": "sha512-ePWsvanv0DWuDRsW8dnt+R4jQ31SCRCQ7hhNcPXZPsoBZiemuZNYGf7adZdqX2D86j6rvKp3RpCxVTSb8WQlOw==",
      "dev": true,
      "funding": [
        {
          "type": "github",
          "url": "https://github.com/sponsors/puzrin"
        },
        {
          "type": "github",
          "url": "https://github.com/sponsors/nodeca"
        }
      ],
      "license": "MIT",
      "dependencies": {
        "argparse": "^2.0.1"
      },
      "bin": {
        "js-yaml": "bin/js-yaml.js"
      }
    },
    "node_modules/livekit-client": {
      "version": "2.22.3",
      "resolved": "https://registry.npmjs.org/livekit-client/-/livekit-client-2.22.3.tgz",
      "integrity": "sha512-jw9zBKXY5Gtr5MZ7vEON3QhMNccuDvYHck1PFSyG1aaateQPqgKZFBMgZkFZaXHIf9RV4MDW5xpTK2b/+qbwOg==",
      "dev": true,
      "license": "Apache-2.0",
      "dependencies": {
        "@livekit/mutex": "1.1.1",
        "@livekit/protocol": "1.50.4",
        "events": "^3.3.0",
        "jose": "^6.1.0",
        "loglevel": "^1.9.2",
        "machina": "^7.0.0",
        "sdp-transform": "^2.15.0",
        "tslib": "2.8.1",
        "typed-emitter": "^2.1.0",
        "webrtc-adapter": "9.0.6"
      },
      "peerDependencies": {
        "@types/dom-mediacapture-record": "^1"
      }
    },
    "node_modules/livekit-client/node_modules/loglevel": {
      "version": "1.9.2",
      "resolved": "https://registry.npmjs.org/loglevel/-/loglevel-1.9.2.tgz",
      "integrity": "sha512-HgMmCqIJSAKqo68l0rS2AanEWfkxaZ5wNiEFb5ggm08lDs9Xl2KxBlX3PTcaD2chBM1gXAYf491/M2Rv8Jwayg==",
      "dev": true,
      "license": "MIT",
      "engines": {
        "node": ">= 0.6.0"
      },
      "funding": {
        "type": "tidelift",
        "url": "https://tidelift.com/funding/github/npm/loglevel"
      }
    },
    "node_modules/lodash.debounce": {
      "version": "4.0.8",
      "resolved": "https://registry.npmjs.org/lodash.debounce/-/lodash.debounce-4.0.8.tgz",
      "integrity": "sha512-FT1yDzDYEoYWhnSGnpE/4Kj1fLZkDFyqRb7fNt6FdYOSxlUWAtp42Eh6Wb0rGIv/m9Bgo7x4GhQbm5Ys4SG5ow==",
      "dev": true,
      "license": "MIT"
    },
    "node_modules/loglevel": {
      "version": "1.9.1",
      "resolved": "https://registry.npmjs.org/loglevel/-/loglevel-1.9.1.tgz",
      "integrity": "sha512-hP3I3kCrDIMuRwAwHltphhDM1r8i55H33GgqjXbrisuJhF4kRhW1dNuxsRklp4bXl8DSdLaNLuiL4A/LWRfxvg==",
      "dev": true,
      "license": "MIT",
      "engines": {
        "node": ">= 0.6.0"
      },
      "funding": {
        "type": "tidelift",
        "url": "https://tidelift.com/funding/github/npm/loglevel"
      }
    },
    "node_modules/machina": {
      "version": "7.0.1",
      "resolved": "https://registry.npmjs.org/machina/-/machina-7.0.1.tgz",
      "integrity": "sha512-0Xkgs8NeBvO2hW6bjJT8ewLWrMfh1haMPstaghpASWjXkLjRhtDiaJG1Kb7mslaOHxZYxpH7PIjpmirRVYbMMA==",
      "dev": true,
      "license": "MIT",
      "engines": {
        "node": ">=22.22"
      }
    },
    "node_modules/ohash": {
      "version": "2.0.12",
      "resolved": "https://registry.npmjs.org/ohash/-/ohash-2.0.12.tgz",
      "integrity": "sha512-65S/5gk9YSsaRjcyf7Nfa6h/d3E8/1gslpXfI4W7Dxn/oap8IKRuNT5VXkLQ1YFKIEg4apRY4Pj6aiwFzrDdmw==",
      "dev": true,
      "license": "MIT"
    },
    "node_modules/open": {
      "version": "11.0.0",
      "resolved": "https://registry.npmjs.org/open/-/open-11.0.0.tgz",
      "integrity": "sha512-smsWv2LzFjP03xmvFoJ331ss6h+jixfA4UUV/Bsiyuu4YJPfN+FIQGOIiv4w9/+MoHkfkJ22UIaQWRVFRfH6Vw==",
      "dev": true,
      "license": "MIT",
      "dependencies": {
        "default-browser": "^5.4.0",
        "define-lazy-prop": "^3.0.0",
        "is-in-ssh": "^1.0.0",
        "is-inside-container": "^1.0.0",
        "powershell-utils": "^0.1.0",
        "wsl-utils": "^0.3.0"
      },
      "engines": {
        "node": ">=20"
      },
      "funding": {
        "url": "https://github.com/sponsors/sindresorhus"
      }
    },
    "node_modules/path-key": {
      "version": "3.1.1",
      "resolved": "https://registry.npmjs.org/path-key/-/path-key-3.1.1.tgz",
      "integrity": "sha512-ojmeN0qd+y0jszEtoY48r0Peq5dwMEkIlCOu6Q5f41lfkswXuKtYrhgoTpLnyIcHm24Uhqx+5Tqm2InSwLhE6Q==",
      "dev": true,
      "license": "MIT",
      "engines": {
        "node": ">=8"
      }
    },
    "node_modules/pathe": {
      "version": "2.0.3",
      "resolved": "https://registry.npmjs.org/pathe/-/pathe-2.0.3.tgz",
      "integrity": "sha512-WUjGcAqP1gQacoQe+OBJsFA7Ld4DyXuUIjZ5cc75cLHvJ7dtNsTugphxIADwspS+AraAUePCKrSVtPLFj/F88w==",
      "dev": true,
      "license": "MIT"
    },
    "node_modules/perfect-debounce": {
      "version": "2.1.0",
      "resolved": "https://registry.npmjs.org/perfect-debounce/-/perfect-debounce-2.1.0.tgz",
      "integrity": "sha512-LjgdTytVFXeUgtHZr9WYViYSM/g8MkcTPYDlPa3cDqMirHjKiSZPYd6DoL7pK8AJQr+uWkQvCjHNdiMqsrJs+g==",
      "dev": true,
      "license": "MIT"
    },
    "node_modules/pkg-types": {
      "version": "2.3.1",
      "resolved": "https://registry.npmjs.org/pkg-types/-/pkg-types-2.3.1.tgz",
      "integrity": "sha512-y+ichcgc2LrADuhLNAx8DFjVfgz91pRxfZdI3UDhxHvcVEZsenLO+7XaU5vOp0u/7V/wZ+plyuQxtrDlZJ+yeg==",
      "dev": true,
      "license": "MIT",
      "dependencies": {
        "confbox": "^0.2.4",
        "exsolve": "^1.0.8",
        "pathe": "^2.0.3"
      }
    },
    "node_modules/powershell-utils": {
      "version": "0.1.0",
      "resolved": "https://registry.npmjs.org/powershell-utils/-/powershell-utils-0.1.0.tgz",
      "integrity": "sha512-dM0jVuXJPsDN6DvRpea484tCUaMiXWjuCn++HGTqUWzGDjv5tZkEZldAJ/UMlqRYGFrD/etByo4/xOuC/snX2A==",
      "dev": true,
      "license": "MIT",
      "engines": {
        "node": ">=20"
      },
      "funding": {
        "url": "https://github.com/sponsors/sindresorhus"
      }
    },
    "node_modules/rc9": {
      "version": "3.0.1",
      "resolved": "https://registry.npmjs.org/rc9/-/rc9-3.0.1.tgz",
      "integrity": "sha512-gMDyleLWVE+i6Sgtc0QbbY6pEKqYs97NGi6isHQPqYlLemPoO8dxQ3uGi0f4NiP98c+jMW6cG1Kx9dDwfvqARQ==",
      "dev": true,
      "license": "MIT",
      "dependencies": {
        "defu": "^6.1.6",
        "destr": "^2.0.5"
      }
    },
    "node_modules/react": {
      "version": "19.2.8",
      "resolved": "https://registry.npmjs.org/react/-/react-19.2.8.tgz",
      "integrity": "sha512-PWaYA1L/q9u2u7xYQi+Y3L3Yfnie7XyLeaJICV1MGD6LprsBxcAqGjYyr0eY3p+QdsA+x/Irkt4Qif8D63+Sbw==",
      "dev": true,
      "license": "MIT",
      "engines": {
        "node": ">=0.10.0"
      }
    },
    "node_modules/react-dom": {
      "version": "19.2.8",
      "resolved": "https://registry.npmjs.org/react-dom/-/react-dom-19.2.8.tgz",
      "integrity": "sha512-rVprimfGBG3DR+Tq0IQG2DT5PxKth1WIGDmj5yPmlzr4YBe7uyE+Du4oVqTDXZSHGGGXRtTJEGSSePyQCMBglQ==",
      "dev": true,
      "license": "MIT",
      "dependencies": {
        "scheduler": "^0.27.0"
      },
      "peerDependencies": {
        "react": "^19.2.8"
      }
    },
    "node_modules/readdirp": {
      "version": "5.1.1",
      "resolved": "https://registry.npmjs.org/readdirp/-/readdirp-5.1.1.tgz",
      "integrity": "sha512-Kko+Y5XQ6fM+Ce3dq3m9YGxnacYZYl9cA1wZjaF3Vbry2L3i1qVg8+CAgNPsXRArPMUMCaOR7oa9Nqntc43JKA==",
      "dev": true,
      "license": "MIT",
      "engines": {
        "node": ">= 20.19.0"
      },
      "funding": {
        "type": "individual",
        "url": "https://paulmillr.com/funding/"
      }
    },
    "node_modules/resolve-pkg-maps": {
      "version": "1.0.0",
      "resolved": "https://registry.npmjs.org/resolve-pkg-maps/-/resolve-pkg-maps-1.0.0.tgz",
      "integrity": "sha512-seS2Tj26TBVOC2NIc2rOe2y2ZO7efxITtLZcGSOnHHNOQ7CkiUBfw0Iw2ck6xkIhPwLhKNLS8BO+hEpngQlqzw==",
      "dev": true,
      "license": "MIT",
      "funding": {
        "url": "https://github.com/privatenumber/resolve-pkg-maps?sponsor=1"
      }
    },
    "node_modules/run-applescript": {
      "version": "7.1.0",
      "resolved": "https://registry.npmjs.org/run-applescript/-/run-applescript-7.1.0.tgz",
      "integrity": "sha512-DPe5pVFaAsinSaV6QjQ6gdiedWDcRCbUuiQfQa2wmWV7+xC9bGulGI8+TdRmoFkAPaBXk8CrAbnlY2ISniJ47Q==",
      "dev": true,
      "license": "MIT",
      "engines": {
        "node": ">=18"
      },
      "funding": {
        "url": "https://github.com/sponsors/sindresorhus"
      }
    },
    "node_modules/rxjs": {
      "version": "7.8.2",
      "resolved": "https://registry.npmjs.org/rxjs/-/rxjs-7.8.2.tgz",
      "integrity": "sha512-dhKf903U/PQZY6boNNtAGdWbG85WAbjT/1xYoZIC7FAY0yWapOBQVsVrDl58W86//e1VpMNBtRV4MaXfdMySFA==",
      "dev": true,
      "license": "Apache-2.0",
      "dependencies": {
        "tslib": "^2.1.0"
      }
    },
    "node_modules/scheduler": {
      "version": "0.27.0",
      "resolved": "https://registry.npmjs.org/scheduler/-/scheduler-0.27.0.tgz",
      "integrity": "sha512-eNv+WrVbKu1f3vbYJT/xtiF5syA5HPIMtf9IgY/nKg0sWqzAUEvqY/xm7OcZc/qafLx/iO9FgOmeSAp4v5ti/Q==",
      "dev": true,
      "license": "MIT"
    },
    "node_modules/sdp": {
      "version": "3.2.2",
      "resolved": "https://registry.npmjs.org/sdp/-/sdp-3.2.2.tgz",
      "integrity": "sha512-xZocWwfyp4hkbN4hLWxMjmv2Q8aNa9MhmOZ7L9aCZPT+dZsgRr6wZRrSYE3HTdyk/2pZKPSgqI7ns7Een1xMSA==",
      "dev": true,
      "license": "MIT"
    },
    "node_modules/sdp-transform": {
      "version": "2.15.0",
      "resolved": "https://registry.npmjs.org/sdp-transform/-/sdp-transform-2.15.0.tgz",
      "integrity": "sha512-KrOH82c/W+GYQ0LHqtr3caRpM3ITglq3ljGUIb8LTki7ByacJZ9z+piSGiwZDsRyhQbYBOBJgr2k6X4BZXi3Kw==",
      "dev": true,
      "license": "MIT",
      "bin": {
        "sdp-verify": "checker.js"
      }
    },
    "node_modules/semver": {
      "version": "7.8.4",
      "resolved": "https://registry.npmjs.org/semver/-/semver-7.8.4.tgz",
      "integrity": "sha512-rUCObTnP32Q08R2uuIrt7r9PlEonuTmtuXYcW6s5kjdlj3xbnwe+21yXptAUYcMAABLkYYTtnmzb3w3EDZfueA==",
      "dev": true,
      "license": "ISC",
      "bin": {
        "semver": "bin/semver.js"
      },
      "engines": {
        "node": ">=10"
      }
    },
    "node_modules/shebang-command": {
      "version": "2.0.0",
      "resolved": "https://registry.npmjs.org/shebang-command/-/shebang-command-2.0.0.tgz",
      "integrity": "sha512-kHxr2zZpYtdmrN1qDjrrX/Z1rR1kG8Dx+gkpK1G4eXmvXswmcE1hTWBWYUzlraYw1/yZp6YuDY77YtvbN0dmDA==",
      "dev": true,
      "license": "MIT",
      "dependencies": {
        "shebang-regex": "^3.0.0"
      },
      "engines": {
        "node": ">=8"
      }
    },
    "node_modules/shebang-regex": {
      "version": "3.0.0",
      "resolved": "https://registry.npmjs.org/shebang-regex/-/shebang-regex-3.0.0.tgz",
      "integrity": "sha512-7++dFhtcx3353uBaq8DDR4NuxBetBzC7ZQOhmTQInHEd6bSrXdiEyzCvG07Z44UYdLShWUyXt5M/yhz8ekcb1A==",
      "dev": true,
      "license": "MIT",
      "engines": {
        "node": ">=8"
      }
    },
    "node_modules/tslib": {
      "version": "2.8.1",
      "resolved": "https://registry.npmjs.org/tslib/-/tslib-2.8.1.tgz",
      "integrity": "sha512-oJFu94HQb+KVduSUQL7wnpmqnfmLsOA/nAh6b6EH0wCEoK0/mPeXU6c3wKDV83MkOuHPRHtSXKKU99IBazS/2w==",
      "dev": true,
      "license": "0BSD"
    },
    "node_modules/typed-emitter": {
      "version": "2.1.0",
      "resolved": "https://registry.npmjs.org/typed-emitter/-/typed-emitter-2.1.0.tgz",
      "integrity": "sha512-g/KzbYKbH5C2vPkaXGu8DJlHrGKHLsM25Zg9WuC9pMGfuvT+X25tZQWo5fK1BjBm8+UrVE9LDCvaY0CQk+fXDA==",
      "dev": true,
      "license": "MIT",
      "optionalDependencies": {
        "rxjs": "*"
      }
    },
    "node_modules/typescript": {
      "version": "5.9.3",
      "resolved": "https://registry.npmjs.org/typescript/-/typescript-5.9.3.tgz",
      "integrity": "sha512-jl1vZzPDinLr9eUt3J/t7V6FgNEw9QjvBPdysz9KfQDD41fQrC2Y4vKQdiaUpFT4bXlb1RHhLpp8wtm6M5TgSw==",
      "dev": true,
      "license": "Apache-2.0",
      "bin": {
        "tsc": "bin/tsc",
        "tsserver": "bin/tsserver"
      },
      "engines": {
        "node": ">=14.17"
      }
    },
    "node_modules/usehooks-ts": {
      "version": "3.1.1",
      "resolved": "https://registry.npmjs.org/usehooks-ts/-/usehooks-ts-3.1.1.tgz",
      "integrity": "sha512-I4diPp9Cq6ieSUH2wu+fDAVQO43xwtulo+fKEidHUwZPnYImbtkTjzIJYcDcJqxgmX31GVqNFURodvcgHcW0pA==",
      "dev": true,
      "license": "MIT",
      "dependencies": {
        "lodash.debounce": "^4.0.8"
      },
      "engines": {
        "node": ">=16.15.0"
      },
      "peerDependencies": {
        "react": "^16.8.0  || ^17 || ^18 || ^19 || ^19.0.0-rc"
      }
    },
    "node_modules/webrtc-adapter": {
      "version": "9.0.6",
      "resolved": "https://registry.npmjs.org/webrtc-adapter/-/webrtc-adapter-9.0.6.tgz",
      "integrity": "sha512-CHbl2ZQbxx164IgWRgzJno4hWtM4tFbRam1QfI3Yxhs3w/DvqluVxVWeXs3oL5/fbGkSNLKo0Ty5MgUWceNhog==",
      "dev": true,
      "license": "BSD-3-Clause",
      "dependencies": {
        "sdp": "^3.2.0"
      },
      "engines": {
        "node": ">=6.0.0",
        "npm": ">=3.10.0"
      }
    },
    "node_modules/which": {
      "version": "2.0.2",
      "resolved": "https://registry.npmjs.org/which/-/which-2.0.2.tgz",
      "integrity": "sha512-BLI3Tl1TW3Pvl70l3yq3Y64i+awpwXqsGBYWkkqMtnbXgrMD+yj7rhW0kuEDxzJaYXGjEW5ogapKNMEKNMjibA==",
      "dev": true,
      "license": "ISC",
      "dependencies": {
        "isexe": "^2.0.0"
      },
      "bin": {
        "node-which": "bin/node-which"
      },
      "engines": {
        "node": ">= 8"
      }
    },
    "node_modules/wsl-utils": {
      "version": "0.3.1",
      "resolved": "https://registry.npmjs.org/wsl-utils/-/wsl-utils-0.3.1.tgz",
      "integrity": "sha512-g/eziiSUNBSsdDJtCLB8bdYEUMj4jR7AGeUo96p/3dTafgjHhpF4RiCFPiRILwjQoDXx5MqkBr4fwWtR3Ky4Wg==",
      "dev": true,
      "license": "MIT",
      "dependencies": {
        "is-wsl": "^3.1.0",
        "powershell-utils": "^0.1.0"
      },
      "engines": {
        "node": ">=20"
      },
      "funding": {
        "url": "https://github.com/sponsors/sindresorhus"
      }
    },
    "packages/client": {
      "name": "@talqing/client",
      "version": "0.6.0",
      "license": "MIT",
      "devDependencies": {
        "livekit-client": "^2.22.3",
        "typescript": "~5.9.3"
      },
      "engines": {
        "node": ">=20"
      },
      "peerDependencies": {
        "livekit-client": "^2.20.2"
      }
    },
    "packages/react": {
      "name": "@talqing/react",
      "version": "0.10.0",
      "license": "MIT",
      "devDependencies": {
        "@livekit/components-react": "^2.9.24",
        "@talqing/client": "^0.6.0",
        "@talqing/sdk": "^0.9.0",
        "@types/react": "^19.0.0",
        "livekit-client": "^2.22.3",
        "react": "^19.0.0",
        "react-dom": "^19.0.0",
        "typescript": "~5.9.3"
      },
      "engines": {
        "node": ">=20"
      },
      "peerDependencies": {
        "@livekit/components-react": "^2.9.21",
        "@talqing/client": "^0.6.0",
        "@talqing/sdk": "^0.9.0",
        "livekit-client": "^2.20.2",
        "react": "^18.3.1 || ^19.0.0",
        "react-dom": "^18.3.1 || ^19.0.0"
      }
    },
    "packages/sdk": {
      "name": "@talqing/sdk",
      "version": "0.9.0",
      "license": "MIT",
      "devDependencies": {
        "@hey-api/openapi-ts": "0.99.0",
        "typescript": "~5.9.3"
      },
      "engines": {
        "node": ">=20"
      }
    }
  }
}
